
Microsoft Visual Studio Solution File, Format Version 12.00
# Visual Studio Version 17
VisualStudioVersion = 17.13.35919.96
MinimumVisualStudioVersion = 10.0.40219.1
Project("{FAE04EC0-301F-11D3-BF4B-00C04F79EFBC}") = "Entidades", "..\Entidades\Entidades.csproj", "{59163C76-EFF7-47E0-8D08-A458ACAA310D}"
EndProject
Project("{FAE04EC0-301F-11D3-BF4B-00C04F79EFBC}") = "Negocio", "..\Negocio\Negocio.csproj", "{D22C9D92-1DC9-4F7E-9BE0-9D415D7BC28C}"
EndProject
Project("{FAE04EC0-301F-11D3-BF4B-00C04F79EFBC}") = "ClienteServicios", "ClienteServicios.csproj", "{9C8802A7-0C00-4303-A5B7-61549D868144}"
EndProject
Global
	GlobalSection(SolutionConfigurationPlatforms) = preSolution
		Debug|Any CPU = Debug|Any CPU
		Release|Any CPU = Release|Any CPU
	EndGlobalSection
	GlobalSection(ProjectConfigurationPlatforms) = postSolution
		{59163C76-EFF7-47E0-8D08-A458ACAA310D}.Debug|Any CPU.ActiveCfg = Debug|Any CPU
		{59163C76-EFF7-47E0-8D08-A458ACAA310D}.Debug|Any CPU.Build.0 = Debug|Any CPU
		{59163C76-EFF7-47E0-8D08-A458ACAA310D}.Release|Any CPU.ActiveCfg = Release|Any CPU
		{59163C76-EFF7-47E0-8D08-A458ACAA310D}.Release|Any CPU.Build.0 = Release|Any CPU
		{D22C9D92-1DC9-4F7E-9BE0-9D415D7BC28C}.Debug|Any CPU.ActiveCfg = Debug|Any CPU
		{D22C9D92-1DC9-4F7E-9BE0-9D415D7BC28C}.Debug|Any CPU.Build.0 = Debug|Any CPU
		{D22C9D92-1DC9-4F7E-9BE0-9D415D7BC28C}.Release|Any CPU.ActiveCfg = Release|Any CPU
		{D22C9D92-1DC9-4F7E-9BE0-9D415D7BC28C}.Release|Any CPU.Build.0 = Release|Any CPU
		{9C8802A7-0C00-4303-A5B7-61549D868144}.Debug|Any CPU.ActiveCfg = Debug|Any CPU
		{9C8802A7-0C00-4303-A5B7-61549D868144}.Debug|Any CPU.Build.0 = Debug|Any CPU
		{9C8802A7-0C00-4303-A5B7-61549D868144}.Release|Any CPU.ActiveCfg = Release|Any CPU
		{9C8802A7-0C00-4303-A5B7-61549D868144}.Release|Any CPU.Build.0 = Release|Any CPU
	EndGlobalSection
	GlobalSection(SolutionProperties) = preSolution
		HideSolutionNode = FALSE
	EndGlobalSection
	GlobalSection(ExtensibilityGlobals) = postSolution
		SolutionGuid = {FA9E2324-5758-44DE-8610-52AD680AB520}
	EndGlobalSection
EndGlobal
